// !$*UTF8*$!
{
	archiveVersion = 1;
	classes = {
	};
	objectVersion = 50;
	objects = {

/* Begin PBXBuildFile section */
		1A54D01A21F756AD006BD234 /* ExternalAccessory.framework in Frameworks */ = {isa = PBXBuildFile; fileRef = 1A54D01921F756AD006BD234 /* ExternalAccessory.framework */; };
		1AEE127621F0F23F0080E883 /* AppDelegate.swift in Sources */ = {isa = PBXBuildFile; fileRef = 1AEE127521F0F23F0080E883 /* AppDelegate.swift */; };
		1AEE127821F0F23F0080E883 /* MainViewController.swift in Sources */ = {isa = PBXBuildFile; fileRef = 1AEE127721F0F23F0080E883 /* MainViewController.swift */; };
		1AEE127B21F0F23F0080E883 /* Main.storyboard in Resources */ = {isa = PBXBuildFile; fileRef = 1AEE127921F0F23F0080E883 /* Main.storyboard */; };
		1AEE127D21F0F2400080E883 /* Assets.xcassets in Resources */ = {isa = PBXBuildFile; fileRef = 1AEE127C21F0F2400080E883 /* Assets.xcassets */; };
		1AEE128021F0F2400080E883 /* LaunchScreen.storyboard in Resources */ = {isa = PBXBuildFile; fileRef = 1AEE127E21F0F2400080E883 /* LaunchScreen.storyboard */; };
		1AEE129521F0F5B70080E883 /* Utils.swift in Sources */ = {isa = PBXBuildFile; fileRef = 1AEE129321F0F5B70080E883 /* Utils.swift */; };
		1AEE129621F0F5B70080E883 /* Constants.swift in Sources */ = {isa = PBXBuildFile; fileRef = 1AEE129421F0F5B70080E883 /* Constants.swift */; };
		1AEE129C21F1DF6D0080E883 /* GeoItem.swift in Sources */ = {isa = PBXBuildFile; fileRef = 1AEE129B21F1DF6D0080E883 /* GeoItem.swift */; };
		1AEE12A021F1E3CD0080E883 /* AddGeoItemViewController.swift in Sources */ = {isa = PBXBuildFile; fileRef = 1AEE129F21F1E3CD0080E883 /* AddGeoItemViewController.swift */; };
/* End PBXBuildFile section */

/* Begin PBXFileReference section */
		1A54D01921F756AD006BD234 /* ExternalAccessory.framework */ = {isa = PBXFileReference; lastKnownFileType = wrapper.framework; name = ExternalAccessory.framework; path = System/Library/Frameworks/ExternalAccessory.framework; sourceTree = SDKROOT; };
		1A54D01B21F7577E006BD234 /* GetSSID.entitlements */ = {isa = PBXFileReference; lastKnownFileType = text.plist.entitlements; path = GetSSID.entitlements; sourceTree = "<group>"; };
		1AEE127221F0F23F0080E883 /* GeoZone.app */ = {isa = PBXFileReference; explicitFileType = wrapper.application; includeInIndex = 0; path = GeoZone.app; sourceTree = BUILT_PRODUCTS_DIR; };
		1AEE127521F0F23F0080E883 /* AppDelegate.swift */ = {isa = PBXFileReference; lastKnownFileType = sourcecode.swift; path = AppDelegate.swift; sourceTree = "<group>"; };
		1AEE127721F0F23F0080E883 /* MainViewController.swift */ = {isa = PBXFileReference; lastKnownFileType = sourcecode.swift; path = MainViewController.swift; sourceTree = "<group>"; };
		1AEE127A21F0F23F0080E883 /* Base */ = {isa = PBXFileReference; lastKnownFileType = file.storyboard; name = Base; path = Base.lproj/Main.storyboard; sourceTree = "<group>"; };
		1AEE127C21F0F2400080E883 /* Assets.xcassets */ = {isa = PBXFileReference; lastKnownFileType = folder.assetcatalog; path = Assets.xcassets; sourceTree = "<group>"; };
		1AEE127F21F0F2400080E883 /* Base */ = {isa = PBXFileReference; lastKnownFileType = file.storyboard; name = Base; path = Base.lproj/LaunchScreen.storyboard; sourceTree = "<group>"; };
		1AEE128121F0F2400080E883 /* Info.plist */ = {isa = PBXFileReference; lastKnownFileType = text.plist.xml; path = Info.plist; sourceTree = "<group>"; };
		1AEE129321F0F5B70080E883 /* Utils.swift */ = {isa = PBXFileReference; fileEncoding = 4; lastKnownFileType = sourcecode.swift; path = Utils.swift; sourceTree = "<group>"; };
		1AEE129421F0F5B70080E883 /* Constants.swift */ = {isa = PBXFileReference; fileEncoding = 4; lastKnownFileType = sourcecode.swift; path = Constants.swift; sourceTree = "<group>"; };
		1AEE129B21F1DF6D0080E883 /* GeoItem.swift */ = {isa = PBXFileReference; fileEncoding = 4; lastKnownFileType = sourcecode.swift; path = GeoItem.swift; sourceTree = "<group>"; };
		1AEE129F21F1E3CD0080E883 /* AddGeoItemViewController.swift */ = {isa = PBXFileReference; fileEncoding = 4; lastKnownFileType = sourcecode.swift; path = AddGeoItemViewController.swift; sourceTree = "<group>"; };
/* End PBXFileReference section */

/* Begin PBXFrameworksBuildPhase section */
		1AEE126F21F0F23F0080E883 /* Frameworks */ = {
			isa = PBXFrameworksBuildPhase;
			buildActionMask = 2147483647;
			files = (
				1A54D01A21F756AD006BD234 /* ExternalAccessory.framework in Frameworks */,
			);
			runOnlyForDeploymentPostprocessing = 0;
		};
/* End PBXFrameworksBuildPhase section */

/* Begin PBXGroup section */
		1A54D01821F756AD006BD234 /* Frameworks */ = {
			isa = PBXGroup;
			children = (
				1A54D01921F756AD006BD234 /* ExternalAccessory.framework */,
			);
			name = Frameworks;
			sourceTree = "<group>";
		};
		1AEE126921F0F23F0080E883 = {
			isa = PBXGroup;
			children = (
				1AEE127421F0F23F0080E883 /* GeoZone */,
				1AEE127321F0F23F0080E883 /* Products */,
				1A54D01821F756AD006BD234 /* Frameworks */,
			);
			sourceTree = "<group>";
		};
		1AEE127321F0F23F0080E883 /* Products */ = {
			isa = PBXGroup;
			children = (
				1AEE127221F0F23F0080E883 /* GeoZone.app */,
			);
			name = Products;
			sourceTree = "<group>";
		};
		1AEE127421F0F23F0080E883 /* GeoZone */ = {
			isa = PBXGroup;
			children = (
				1AEE129221F0F59B0080E883 /* General */,
				1AEE129821F0F5C80080E883 /* ViewControllers */,
				1AEE129021F0F58B0080E883 /* Views */,
				1AEE129921F0F5F10080E883 /* Other */,
			);
			path = GeoZone;
			sourceTree = "<group>";
		};
		1AEE129021F0F58B0080E883 /* Views */ = {
			isa = PBXGroup;
			children = (
				1AEE127E21F0F2400080E883 /* LaunchScreen.storyboard */,
				1AEE127921F0F23F0080E883 /* Main.storyboard */,
			);
			name = Views;
			sourceTree = "<group>";
		};
		1AEE129221F0F59B0080E883 /* General */ = {
			isa = PBXGroup;
			children = (
				1AEE127521F0F23F0080E883 /* AppDelegate.swift */,
				1AEE129421F0F5B70080E883 /* Constants.swift */,
				1AEE129321F0F5B70080E883 /* Utils.swift */,
				1AEE129B21F1DF6D0080E883 /* GeoItem.swift */,
			);
			name = General;
			sourceTree = "<group>";
		};
		1AEE129821F0F5C80080E883 /* ViewControllers */ = {
			isa = PBXGroup;
			children = (
				1AEE127721F0F23F0080E883 /* MainViewController.swift */,
				1AEE129F21F1E3CD0080E883 /* AddGeoItemViewController.swift */,
			);
			name = ViewControllers;
			sourceTree = "<group>";
		};
		1AEE129921F0F5F10080E883 /* Other */ = {
			isa = PBXGroup;
			children = (
				1AEE127C21F0F2400080E883 /* Assets.xcassets */,
				1A54D01B21F7577E006BD234 /* GetSSID.entitlements */,
				1AEE128121F0F2400080E883 /* Info.plist */,
			);
			name = Other;
			sourceTree = "<group>";
		};
/* End PBXGroup section */

/* Begin PBXNativeTarget section */
		1AEE127121F0F23F0080E883 /* GeoZone */ = {
			isa = PBXNativeTarget;
			buildConfigurationList = 1AEE128421F0F2400080E883 /* Build configuration list for PBXNativeTarget "GeoZone" */;
			buildPhases = (
				1AEE126E21F0F23F0080E883 /* Sources */,
				1AEE126F21F0F23F0080E883 /* Frameworks */,
				1AEE127021F0F23F0080E883 /* Resources */,
			);
			buildRules = (
			);
			dependencies = (
			);
			name = GeoZone;
			productName = GeoZone;
			productReference = 1AEE127221F0F23F0080E883 /* GeoZone.app */;
			productType = "com.apple.product-type.application";
		};
/* End PBXNativeTarget section */

/* Begin PBXProject section */
		1AEE126A21F0F23F0080E883 /* Project object */ = {
			isa = PBXProject;
			attributes = {
				LastSwiftUpdateCheck = 1010;
				LastUpgradeCheck = 1010;
				ORGANIZATIONNAME = "Mykola Golyash";
				TargetAttributes = {
					1AEE127121F0F23F0080E883 = {
						CreatedOnToolsVersion = 10.1;
					};
				};
			};
			buildConfigurationList = 1AEE126D21F0F23F0080E883 /* Build configuration list for PBXProject "GeoZone" */;
			compatibilityVersion = "Xcode 9.3";
			developmentRegion = en;
			hasScannedForEncodings = 0;
			knownRegions = (
				en,
				Base,
			);
			mainGroup = 1AEE126921F0F23F0080E883;
			productRefGroup = 1AEE127321F0F23F0080E883 /* Products */;
			projectDirPath = "";
			projectRoot = "";
			targets = (
				1AEE127121F0F23F0080E883 /* GeoZone */,
			);
		};
/* End PBXProject section */

/* Begin PBXResourcesBuildPhase section */
		1AEE127021F0F23F0080E883 /* Resources */ = {
			isa = PBXResourcesBuildPhase;
			buildActionMask = 2147483647;
			files = (
				1AEE128021F0F2400080E883 /* LaunchScreen.storyboard in Resources */,
				1AEE127D21F0F2400080E883 /* Assets.xcassets in Resources */,
				1AEE127B21F0F23F0080E883 /* Main.storyboard in Resources */,
			);
			runOnlyForDeploymentPostprocessing = 0;
		};
/* End PBXResourcesBuildPhase section */

/* Begin PBXSourcesBuildPhase section */
		1AEE126E21F0F23F0080E883 /* Sources */ = {
			isa = PBXSourcesBuildPhase;
			buildActionMask = 2147483647;
			files = (
				1AEE127821F0F23F0080E883 /* MainViewController.swift in Sources */,
				1AEE127621F0F23F0080E883 /* AppDelegate.swift in Sources */,
				1AEE129521F0F5B70080E883 /* Utils.swift in Sources */,
				1AEE129C21F1DF6D0080E883 /* GeoItem.swift in Sources */,
				1AEE129621F0F5B70080E883 /* Constants.swift in Sources */,
				1AEE12A021F1E3CD0080E883 /* AddGeoItemViewController.swift in Sources */,
			);
			runOnlyForDeploymentPostprocessing = 0;
		};
/* End PBXSourcesBuildPhase section */

/* Begin PBXVariantGroup section */
		1AEE127921F0F23F0080E883 /* Main.storyboard */ = {
			isa = PBXVariantGroup;
			children = (
				1AEE127A21F0F23F0080E883 /* Base */,
			);
			name = Main.storyboard;
			sourceTree = "<group>";
		};
		1AEE127E21F0F2400080E883 /* LaunchScreen.storyboard */ = {
			isa = PBXVariantGroup;
			children = (
				1AEE127F21F0F2400080E883 /* Base */,
			);
			name = LaunchScreen.storyboard;
			sourceTree = "<group>";
		};
/* End PBXVariantGroup section */

/* Begin XCBuildConfiguration section */
		1AEE128221F0F2400080E883 /* Debug */ = {
			isa = XCBuildConfiguration;
			buildSettings = {
				ALWAYS_SEARCH_USER_PATHS = NO;
				CLANG_ANALYZER_NONNULL = YES;
				CLANG_ANALYZER_NUMBER_OBJECT_CONVERSION = YES_AGGRESSIVE;
				CLANG_CXX_LANGUAGE_STANDARD = "gnu++14";
				CLANG_CXX_LIBRARY = "libc++";
				CLANG_ENABLE_MODULES = YES;
				CLANG_ENABLE_OBJC_ARC = YES;
				CLANG_ENABLE_OBJC_WEAK = YES;
				CLANG_WARN_BLOCK_CAPTURE_AUTORELEASING = YES;
				CLANG_WARN_BOOL_CONVERSION = YES;
				CLANG_WARN_COMMA = YES;
				CLANG_WARN_CONSTANT_CONVERSION = YES;
				CLANG_WARN_DEPRECATED_OBJC_IMPLEMENTATIONS = YES;
				CLANG_WARN_DIRECT_OBJC_ISA_USAGE = YES_ERROR;
				CLANG_WARN_DOCUMENTATION_COMMENTS = YES;
				CLANG_WARN_EMPTY_BODY = YES;
				CLANG_WARN_ENUM_CONVERSION = YES;
				CLANG_WARN_INFINITE_RECURSION = YES;
				CLANG_WARN_INT_CONVERSION = YES;
				CLANG_WARN_NON_LITERAL_NULL_CONVERSION = YES;
				CLANG_WARN_OBJC_IMPLICIT_RETAIN_SELF = YES;
				CLANG_WARN_OBJC_LITERAL_CONVERSION = YES;
				CLANG_WARN_OBJC_ROOT_CLASS = YES_ERROR;
				CLANG_WARN_RANGE_LOOP_ANALYSIS = YES;
				CLANG_WARN_STRICT_PROTOTYPES = YES;
				CLANG_WARN_SUSPICIOUS_MOVE = YES;
				CLANG_WARN_UNGUARDED_AVAILABILITY = YES_AGGRESSIVE;
				CLANG_WARN_UNREACHABLE_CODE = YES;
				CLANG_WARN__DUPLICATE_METHOD_MATCH = YES;
				CODE_SIGN_IDENTITY = "iPhone Developer";
				COPY_PHASE_STRIP = NO;
				DEBUG_INFORMATION_FORMAT = dwarf;
				ENABLE_STRICT_OBJC_MSGSEND = YES;
				ENABLE_TESTABILITY = YES;
				GCC_C_LANGUAGE_STANDARD = gnu11;
				GCC_DYNAMIC_NO_PIC = NO;
				GCC_NO_COMMON_BLOCKS = YES;
				GCC_OPTIMIZATION_LEVEL = 0;
				GCC_PREPROCESSOR_DEFINITIONS = (
					"DEBUG=1",
					"$(inherited)",
				);
				GCC_WARN_64_TO_32_BIT_CONVERSION = YES;
				GCC_WARN_ABOUT_RETURN_TYPE = YES_ERROR;
				GCC_WARN_UNDECLARED_SELECTOR = YES;
				GCC_WARN_UNINITIALIZED_AUTOS = YES_AGGRESSIVE;
				GCC_WARN_UNUSED_FUNCTION = YES;
				GCC_WARN_UNUSED_VARIABLE = YES;
				IPHONEOS_DEPLOYMENT_TARGET = 12.1;
				MTL_ENABLE_DEBUG_INFO = INCLUDE_SOURCE;
				MTL_FAST_MATH = YES;
				ONLY_ACTIVE_ARCH = YES;
				SDKROOT = iphoneos;
				SWIFT_ACTIVE_COMPILATION_CONDITIONS = DEBUG;
				SWIFT_OPTIMIZATION_LEVEL = "-Onone";
			};
			name = Debug;
		};
		1AEE128321F0F2400080E883 /* Release */ = {
			isa = XCBuildConfiguration;
			buildSettings = {
				ALWAYS_SEARCH_USER_PATHS = NO;
				CLANG_ANALYZER_NONNULL = YES;
				CLANG_ANALYZER_NUMBER_OBJECT_CONVERSION = YES_AGGRESSIVE;
				CLANG_CXX_LANGUAGE_STANDARD = "gnu++14";
				CLANG_CXX_LIBRARY = "libc++";
				CLANG_ENABLE_MODULES = YES;
				CLANG_ENABLE_OBJC_ARC = YES;
				CLANG_ENABLE_OBJC_WEAK = YES;
				CLANG_WARN_BLOCK_CAPTURE_AUTORELEASING = YES;
				CLANG_WARN_BOOL_CONVERSION = YES;
				CLANG_WARN_COMMA = YES;
				CLANG_WARN_CONSTANT_CONVERSION = YES;
				CLANG_WARN_DEPRECATED_OBJC_IMPLEMENTATIONS = YES;
				CLANG_WARN_DIRECT_OBJC_ISA_USAGE = YES_ERROR;
				CLANG_WARN_DOCUMENTATION_COMMENTS = YES;
				CLANG_WARN_EMPTY_BODY = YES;
				CLANG_WARN_ENUM_CONVERSION = YES;
				CLANG_WARN_INFINITE_RECURSION = YES;
				CLANG_WARN_INT_CONVERSION = YES;
				CLANG_WARN_NON_LITERAL_NULL_CONVERSION = YES;
				CLANG_WARN_OBJC_IMPLICIT_RETAIN_SELF = YES;
				CLANG_WARN_OBJC_LITERAL_CONVERSION = YES;
				CLANG_WARN_OBJC_ROOT_CLASS = YES_ERROR;
				CLANG_WARN_RANGE_LOOP_ANALYSIS = YES;
				CLANG_WARN_STRICT_PROTOTYPES = YES;
				CLANG_WARN_SUSPICIOUS_MOVE = YES;
				CLANG_WARN_UNGUARDED_AVAILABILITY = YES_AGGRESSIVE;
				CLANG_WARN_UNREACHABLE_CODE = YES;
				CLANG_WARN__DUPLICATE_METHOD_MATCH = YES;
				CODE_SIGN_IDENTITY = "iPhone Developer";
				COPY_PHASE_STRIP = NO;
				DEBUG_INFORMATION_FORMAT = "dwarf-with-dsym";
				ENABLE_NS_ASSERTIONS = NO;
				ENABLE_STRICT_OBJC_MSGSEND = YES;
				GCC_C_LANGUAGE_STANDARD = gnu11;
				GCC_NO_COMMON_BLOCKS = YES;
				GCC_WARN_64_TO_32_BIT_CONVERSION = YES;
				GCC_WARN_ABOUT_RETURN_TYPE = YES_ERROR;
				GCC_WARN_UNDECLARED_SELECTOR = YES;
				GCC_WARN_UNINITIALIZED_AUTOS = YES_AGGRESSIVE;
				GCC_WARN_UNUSED_FUNCTION = YES;
				GCC_WARN_UNUSED_VARIABLE = YES;
				IPHONEOS_DEPLOYMENT_TARGET = 12.1;
				MTL_ENABLE_DEBUG_INFO = NO;
				MTL_FAST_MATH = YES;
				SDKROOT = iphoneos;
				SWIFT_COMPILATION_MODE = wholemodule;
				SWIFT_OPTIMIZATION_LEVEL = "-O";
				VALIDATE_PRODUCT = YES;
			};
			name = Release;
		};
		1AEE128521F0F2400080E883 /* Debug */ = {
			isa = XCBuildConfiguration;
			buildSettings = {
				ASSETCATALOG_COMPILER_APPICON_NAME = AppIcon;
				CODE_SIGN_STYLE = Automatic;
				INFOPLIST_FILE = GeoZone/Info.plist;
				LD_RUNPATH_SEARCH_PATHS = (
					"$(inherited)",
					"@executable_path/Frameworks",
				);
				PRODUCT_BUNDLE_IDENTIFIER = com.golyash.geozone.GeoZone;
				PRODUCT_NAME = "$(TARGET_NAME)";
				SWIFT_VERSION = 4.2;
				TARGETED_DEVICE_FAMILY = "1,2";
			};
			name = Debug;
		};
		1AEE128621F0F2400080E883 /* Release */ = {
			isa = XCBuildConfiguration;
			buildSettings = {
				ASSETCATALOG_COMPILER_APPICON_NAME = AppIcon;
				CODE_SIGN_STYLE = Automatic;
				INFOPLIST_FILE = GeoZone/Info.plist;
				LD_RUNPATH_SEARCH_PATHS = (
					"$(inherited)",
					"@executable_path/Frameworks",
				);
				PRODUCT_BUNDLE_IDENTIFIER = com.golyash.geozone.GeoZone;
				PRODUCT_NAME = "$(TARGET_NAME)";
				SWIFT_VERSION = 4.2;
				TARGETED_DEVICE_FAMILY = "1,2";
			};
			name = Release;
		};
/* End XCBuildConfiguration section */

/* Begin XCConfigurationList section */
		1AEE126D21F0F23F0080E883 /* Build configuration list for PBXProject "GeoZone" */ = {
			isa = XCConfigurationList;
			buildConfigurations = (
				1AEE128221F0F2400080E883 /* Debug */,
				1AEE128321F0F2400080E883 /* Release */,
			);
			defaultConfigurationIsVisible = 0;
			defaultConfigurationName = Release;
		};
		1AEE128421F0F2400080E883 /* Build configuration list for PBXNativeTarget "GeoZone" */ = {
			isa = XCConfigurationList;
			buildConfigurations = (
				1AEE128521F0F2400080E883 /* Debug */,
				1AEE128621F0F2400080E883 /* Release */,
			);
			defaultConfigurationIsVisible = 0;
			defaultConfigurationName = Release;
		};
/* End XCConfigurationList section */
	};
	rootObject = 1AEE126A21F0F23F0080E883 /* Project object */;
}
